
Microsoft Visual Studio Solution File, Format Version 12.00
# Visual Studio Version 16
VisualStudioVersion = 16.0.29215.179
MinimumVisualStudioVersion = 10.0.40219.1
Project("{FAE04EC0-301F-11D3-BF4B-00C04F79EFBC}") = "Timetabler", "Timetabler\Timetabler.csproj", "{DE74D701-B7BF-4054-9DD9-D964395F6AFE}"
EndProject
Project("{FAE04EC0-301F-11D3-BF4B-00C04F79EFBC}") = "Timetabler.Data", "Timetabler.Data\Timetabler.Data.csproj", "{9A7E2940-50B8-4F3A-A535-AB6220E6CE3A}"
EndProject
Project("{FAE04EC0-301F-11D3-BF4B-00C04F79EFBC}") = "Timetabler.DataLoader", "Timetabler.DataLoader\Timetabler.DataLoader.csproj", "{E6FF8E04-A41D-446B-9F8A-CCFAF4B08AD2}"
EndProject
Project("{FAE04EC0-301F-11D3-BF4B-00C04F79EFBC}") = "Timetabler.PdfExport", "Timetabler.PdfExport\Timetabler.PdfExport.csproj", "{68035DDB-1C24-407C-B6B3-32CEC1D964E5}"
EndProject
Project("{2150E333-8FDC-42A3-9474-1A3956D46DE8}") = "Tests", "Tests", "{F6B55A5E-8934-403F-9471-D3FE80B7F7F5}"
EndProject
Project("{2150E333-8FDC-42A3-9474-1A3956D46DE8}") = "Unit Tests", "Unit Tests", "{3A9D325B-1368-4C23-BC54-009548AF82B5}"
EndProject
Project("{FAE04EC0-301F-11D3-BF4B-00C04F79EFBC}") = "Timetabler.DataLoader.Tests.Unit", "Timetabler.DataLoader.Tests.Unit\Timetabler.DataLoader.Tests.Unit.csproj", "{0902233A-3857-4E5E-99F4-54F3F5E695E5}"
EndProject
Project("{FAE04EC0-301F-11D3-BF4B-00C04F79EFBC}") = "Timetabler.Data.Tests.Unit", "Timetabler.Data.Tests.Unit\Timetabler.Data.Tests.Unit.csproj", "{56ABE9BB-1373-43D3-B1C5-1526E443AD73}"
EndProject
Project("{2150E333-8FDC-42A3-9474-1A3956D46DE8}") = "Installer", "Installer", "{974423C7-5EB9-481E-ACB5-826498AEE42D}"
EndProject
Project("{930C7802-8A8C-48F9-8165-68863BCCD9DD}") = "Timetabler.Installer", "Timetabler.Installer\Timetabler.Installer.wixproj", "{CB8E5E7E-5605-4FAB-BC0C-9A25D1FE5CB2}"
EndProject
Project("{FAE04EC0-301F-11D3-BF4B-00C04F79EFBC}") = "Unicorn.Impl.PdfSharp", "Unicorn.Impl.PdfSharp\Unicorn.Impl.PdfSharp.csproj", "{4D101015-CE74-4648-B07B-5AC806531E95}"
EndProject
Project("{FAE04EC0-301F-11D3-BF4B-00C04F79EFBC}") = "Timetabler.PdfExport.Tests.Unit", "Timetabler.PdfExport.Tests.Unit\Timetabler.PdfExport.Tests.Unit.csproj", "{3F183AA5-2A5B-4692-9D7A-5603F7C833C1}"
EndProject
Project("{FAE04EC0-301F-11D3-BF4B-00C04F79EFBC}") = "Timetabler.Tests.Unit", "Timetabler.Tests.Unit\Timetabler.Tests.Unit.csproj", "{84C858E8-BE40-471D-A1D4-6659AD4CF7E6}"
EndProject
Project("{9A19103F-16F7-4668-BE54-9A1E7A4F7556}") = "Timetabler.CoreData", "Timetabler.CoreData\Timetabler.CoreData.csproj", "{DDC29237-18C5-40A7-BCCC-2A51FA8C5F9F}"
EndProject
Project("{9A19103F-16F7-4668-BE54-9A1E7A4F7556}") = "Unicorn.Writer", "Unicorn.Writer\Unicorn.Writer.csproj", "{7431CC05-B157-4EDD-83C5-42C2D5A79C55}"
EndProject
Project("{9A19103F-16F7-4668-BE54-9A1E7A4F7556}") = "Tests.Utility", "Tests.Utility\Tests.Utility.csproj", "{746618E4-92EF-451E-ACB6-1EEF1254137A}"
EndProject
Project("{9A19103F-16F7-4668-BE54-9A1E7A4F7556}") = "Timetabler.CoreData.Tests.Unit", "Timetabler.CoreData.Tests.Unit\Timetabler.CoreData.Tests.Unit.csproj", "{01B53591-1137-4D29-BEE7-0BAF111A1BAD}"
EndProject
Project("{9A19103F-16F7-4668-BE54-9A1E7A4F7556}") = "Unicorn.Writer.Tests.Unit", "Unicorn.Writer.Tests.Unit\Unicorn.Writer.Tests.Unit.csproj", "{3F85FAE7-E5B5-4373-931C-DAB4440BD0E7}"
EndProject
Project("{9A19103F-16F7-4668-BE54-9A1E7A4F7556}") = "Timetabler.SerialData", "Timetabler.SerialData\Timetabler.SerialData.csproj", "{A651E646-E4FB-422C-9F52-CF55B3A229FC}"
EndProject
Project("{9A19103F-16F7-4668-BE54-9A1E7A4F7556}") = "Timetabler.SerialData.Tests.Unit", "Timetabler.SerialData.Tests.Unit\Timetabler.SerialData.Tests.Unit.csproj", "{44A1AC21-EAFE-4F47-BBD0-530F3E7A95FC}"
EndProject
Project("{FAE04EC0-301F-11D3-BF4B-00C04F79EFBC}") = "Unicorn.Impl.PdfSharp.Tests.Unit", "Unicorn.Impl.PdfSharp.Tests.Unit\Unicorn.Impl.PdfSharp.Tests.Unit.csproj", "{163B6897-0E9A-420B-9E3B-D72310E3EB4A}"
EndProject
Project("{FAE04EC0-301F-11D3-BF4B-00C04F79EFBC}") = "Timetabler.Data.Tests.Utility", "Timetabler.Data.Tests.Utility\Timetabler.Data.Tests.Utility.csproj", "{29375882-F201-482A-AAB6-AC7FB95F15CF}"
EndProject
Project("{9A19103F-16F7-4668-BE54-9A1E7A4F7556}") = "Unicorn", "Unicorn\Unicorn.csproj", "{3FF5F14C-AD99-4E3E-A1CE-C005CF87B94B}"
EndProject
Project("{9A19103F-16F7-4668-BE54-9A1E7A4F7556}") = "Unicorn.Tests.Unit", "Unicorn.Tests.Unit\Unicorn.Tests.Unit.csproj", "{20C1964E-EB46-48F5-8B37-02A20F0A8249}"
EndProject
Project("{9A19103F-16F7-4668-BE54-9A1E7A4F7556}") = "Unicorn.FontTools", "Unicorn.FontTools\Unicorn.FontTools.csproj", "{3DCDB6EA-B97B-490A-A218-582799B15D29}"
EndProject
Project("{9A19103F-16F7-4668-BE54-9A1E7A4F7556}") = "Unicorn.FontTools.Tests.Unit", "Unicorn.FontTools.Tests.Unit\Unicorn.FontTools.Tests.Unit.csproj", "{79F79AA0-4F12-4893-950C-007650B1971C}"
EndProject
Project("{9A19103F-16F7-4668-BE54-9A1E7A4F7556}") = "Unicorn.FontTools.Afm2Code", "Unicorn.FontTools.Afm2Code\Unicorn.FontTools.Afm2Code.csproj", "{55F53CA3-DD82-4E7E-BCBF-507C1CC7BC56}"
EndProject
Project("{9A19103F-16F7-4668-BE54-9A1E7A4F7556}") = "Unicorn.FontTools.OpenTool", "Unicorn.FontTools.OpenTool\Unicorn.FontTools.OpenTool.csproj", "{BE8E75C5-4D5E-40DF-A858-F6D8C5764002}"
EndProject
Project("{FAE04EC0-301F-11D3-BF4B-00C04F79EFBC}") = "Unicorn.CoreTypes", "Unicorn.CoreTypes\Unicorn.CoreTypes.csproj", "{3DD27DC2-5D3A-4F6D-BDD5-6FF02B1C933B}"
EndProject
Project("{FAE04EC0-301F-11D3-BF4B-00C04F79EFBC}") = "Unicorn.CoreTypes.Tests.Unit", "Unicorn.CoreTypes.Tests.Unit\Unicorn.CoreTypes.Tests.Unit.csproj", "{D05704C3-19B4-46B8-A494-2A1CE04A57F8}"
EndProject
Project("{FAE04EC0-301F-11D3-BF4B-00C04F79EFBC}") = "Unicorn.CoreTypes.Tests.Utility", "Unicorn.CoreTypes.Tests.Utility\Unicorn.CoreTypes.Tests.Utility.csproj", "{EC3BD62E-0D22-4660-8C0F-896087CEE074}"
EndProject
Global
	GlobalSection(SolutionConfigurationPlatforms) = preSolution
		Debug|Any CPU = Debug|Any CPU
		Debug|x86 = Debug|x86
		Release|Any CPU = Release|Any CPU
		Release|x86 = Release|x86
	EndGlobalSection
	GlobalSection(ProjectConfigurationPlatforms) = postSolution
		{DE74D701-B7BF-4054-9DD9-D964395F6AFE}.Debug|Any CPU.ActiveCfg = Debug|Any CPU
		{DE74D701-B7BF-4054-9DD9-D964395F6AFE}.Debug|Any CPU.Build.0 = Debug|Any CPU
		{DE74D701-B7BF-4054-9DD9-D964395F6AFE}.Debug|x86.ActiveCfg = Debug|Any CPU
		{DE74D701-B7BF-4054-9DD9-D964395F6AFE}.Debug|x86.Build.0 = Debug|Any CPU
		{DE74D701-B7BF-4054-9DD9-D964395F6AFE}.Release|Any CPU.ActiveCfg = Release|Any CPU
		{DE74D701-B7BF-4054-9DD9-D964395F6AFE}.Release|Any CPU.Build.0 = Release|Any CPU
		{DE74D701-B7BF-4054-9DD9-D964395F6AFE}.Release|x86.ActiveCfg = Release|Any CPU
		{DE74D701-B7BF-4054-9DD9-D964395F6AFE}.Release|x86.Build.0 = Release|Any CPU
		{9A7E2940-50B8-4F3A-A535-AB6220E6CE3A}.Debug|Any CPU.ActiveCfg = Debug|Any CPU
		{9A7E2940-50B8-4F3A-A535-AB6220E6CE3A}.Debug|Any CPU.Build.0 = Debug|Any CPU
		{9A7E2940-50B8-4F3A-A535-AB6220E6CE3A}.Debug|x86.ActiveCfg = Debug|Any CPU
		{9A7E2940-50B8-4F3A-A535-AB6220E6CE3A}.Debug|x86.Build.0 = Debug|Any CPU
		{9A7E2940-50B8-4F3A-A535-AB6220E6CE3A}.Release|Any CPU.ActiveCfg = Release|Any CPU
		{9A7E2940-50B8-4F3A-A535-AB6220E6CE3A}.Release|Any CPU.Build.0 = Release|Any CPU
		{9A7E2940-50B8-4F3A-A535-AB6220E6CE3A}.Release|x86.ActiveCfg = Release|Any CPU
		{9A7E2940-50B8-4F3A-A535-AB6220E6CE3A}.Release|x86.Build.0 = Release|Any CPU
		{E6FF8E04-A41D-446B-9F8A-CCFAF4B08AD2}.Debug|Any CPU.ActiveCfg = Debug|Any CPU
		{E6FF8E04-A41D-446B-9F8A-CCFAF4B08AD2}.Debug|Any CPU.Build.0 = Debug|Any CPU
		{E6FF8E04-A41D-446B-9F8A-CCFAF4B08AD2}.Debug|x86.ActiveCfg = Debug|Any CPU
		{E6FF8E04-A41D-446B-9F8A-CCFAF4B08AD2}.Debug|x86.Build.0 = Debug|Any CPU
		{E6FF8E04-A41D-446B-9F8A-CCFAF4B08AD2}.Release|Any CPU.ActiveCfg = Release|Any CPU
		{E6FF8E04-A41D-446B-9F8A-CCFAF4B08AD2}.Release|Any CPU.Build.0 = Release|Any CPU
		{E6FF8E04-A41D-446B-9F8A-CCFAF4B08AD2}.Release|x86.ActiveCfg = Release|Any CPU
		{E6FF8E04-A41D-446B-9F8A-CCFAF4B08AD2}.Release|x86.Build.0 = Release|Any CPU
		{68035DDB-1C24-407C-B6B3-32CEC1D964E5}.Debug|Any CPU.ActiveCfg = Debug|Any CPU
		{68035DDB-1C24-407C-B6B3-32CEC1D964E5}.Debug|Any CPU.Build.0 = Debug|Any CPU
		{68035DDB-1C24-407C-B6B3-32CEC1D964E5}.Debug|x86.ActiveCfg = Debug|Any CPU
		{68035DDB-1C24-407C-B6B3-32CEC1D964E5}.Debug|x86.Build.0 = Debug|Any CPU
		{68035DDB-1C24-407C-B6B3-32CEC1D964E5}.Release|Any CPU.ActiveCfg = Release|Any CPU
		{68035DDB-1C24-407C-B6B3-32CEC1D964E5}.Release|Any CPU.Build.0 = Release|Any CPU
		{68035DDB-1C24-407C-B6B3-32CEC1D964E5}.Release|x86.ActiveCfg = Release|Any CPU
		{68035DDB-1C24-407C-B6B3-32CEC1D964E5}.Release|x86.Build.0 = Release|Any CPU
		{0902233A-3857-4E5E-99F4-54F3F5E695E5}.Debug|Any CPU.ActiveCfg = Debug|Any CPU
		{0902233A-3857-4E5E-99F4-54F3F5E695E5}.Debug|Any CPU.Build.0 = Debug|Any CPU
		{0902233A-3857-4E5E-99F4-54F3F5E695E5}.Debug|x86.ActiveCfg = Debug|Any CPU
		{0902233A-3857-4E5E-99F4-54F3F5E695E5}.Debug|x86.Build.0 = Debug|Any CPU
		{0902233A-3857-4E5E-99F4-54F3F5E695E5}.Release|Any CPU.ActiveCfg = Release|Any CPU
		{0902233A-3857-4E5E-99F4-54F3F5E695E5}.Release|Any CPU.Build.0 = Release|Any CPU
		{0902233A-3857-4E5E-99F4-54F3F5E695E5}.Release|x86.ActiveCfg = Release|Any CPU
		{0902233A-3857-4E5E-99F4-54F3F5E695E5}.Release|x86.Build.0 = Release|Any CPU
		{56ABE9BB-1373-43D3-B1C5-1526E443AD73}.Debug|Any CPU.ActiveCfg = Debug|Any CPU
		{56ABE9BB-1373-43D3-B1C5-1526E443AD73}.Debug|Any CPU.Build.0 = Debug|Any CPU
		{56ABE9BB-1373-43D3-B1C5-1526E443AD73}.Debug|x86.ActiveCfg = Debug|Any CPU
		{56ABE9BB-1373-43D3-B1C5-1526E443AD73}.Debug|x86.Build.0 = Debug|Any CPU
		{56ABE9BB-1373-43D3-B1C5-1526E443AD73}.Release|Any CPU.ActiveCfg = Release|Any CPU
		{56ABE9BB-1373-43D3-B1C5-1526E443AD73}.Release|Any CPU.Build.0 = Release|Any CPU
		{56ABE9BB-1373-43D3-B1C5-1526E443AD73}.Release|x86.ActiveCfg = Release|Any CPU
		{56ABE9BB-1373-43D3-B1C5-1526E443AD73}.Release|x86.Build.0 = Release|Any CPU
		{CB8E5E7E-5605-4FAB-BC0C-9A25D1FE5CB2}.Debug|Any CPU.ActiveCfg = Debug|x86
		{CB8E5E7E-5605-4FAB-BC0C-9A25D1FE5CB2}.Debug|Any CPU.Build.0 = Debug|x86
		{CB8E5E7E-5605-4FAB-BC0C-9A25D1FE5CB2}.Debug|x86.ActiveCfg = Debug|x86
		{CB8E5E7E-5605-4FAB-BC0C-9A25D1FE5CB2}.Debug|x86.Build.0 = Debug|x86
		{CB8E5E7E-5605-4FAB-BC0C-9A25D1FE5CB2}.Release|Any CPU.ActiveCfg = Release|x86
		{CB8E5E7E-5605-4FAB-BC0C-9A25D1FE5CB2}.Release|Any CPU.Build.0 = Release|x86
		{CB8E5E7E-5605-4FAB-BC0C-9A25D1FE5CB2}.Release|x86.ActiveCfg = Release|x86
		{CB8E5E7E-5605-4FAB-BC0C-9A25D1FE5CB2}.Release|x86.Build.0 = Release|x86
		{4D101015-CE74-4648-B07B-5AC806531E95}.Debug|Any CPU.ActiveCfg = Debug|Any CPU
		{4D101015-CE74-4648-B07B-5AC806531E95}.Debug|Any CPU.Build.0 = Debug|Any CPU
		{4D101015-CE74-4648-B07B-5AC806531E95}.Debug|x86.ActiveCfg = Debug|Any CPU
		{4D101015-CE74-4648-B07B-5AC806531E95}.Debug|x86.Build.0 = Debug|Any CPU
		{4D101015-CE74-4648-B07B-5AC806531E95}.Release|Any CPU.ActiveCfg = Release|Any CPU
		{4D101015-CE74-4648-B07B-5AC806531E95}.Release|Any CPU.Build.0 = Release|Any CPU
		{4D101015-CE74-4648-B07B-5AC806531E95}.Release|x86.ActiveCfg = Release|Any CPU
		{4D101015-CE74-4648-B07B-5AC806531E95}.Release|x86.Build.0 = Release|Any CPU
		{3F183AA5-2A5B-4692-9D7A-5603F7C833C1}.Debug|Any CPU.ActiveCfg = Debug|Any CPU
		{3F183AA5-2A5B-4692-9D7A-5603F7C833C1}.Debug|Any CPU.Build.0 = Debug|Any CPU
		{3F183AA5-2A5B-4692-9D7A-5603F7C833C1}.Debug|x86.ActiveCfg = Debug|Any CPU
		{3F183AA5-2A5B-4692-9D7A-5603F7C833C1}.Debug|x86.Build.0 = Debug|Any CPU
		{3F183AA5-2A5B-4692-9D7A-5603F7C833C1}.Release|Any CPU.ActiveCfg = Release|Any CPU
		{3F183AA5-2A5B-4692-9D7A-5603F7C833C1}.Release|Any CPU.Build.0 = Release|Any CPU
		{3F183AA5-2A5B-4692-9D7A-5603F7C833C1}.Release|x86.ActiveCfg = Release|Any CPU
		{3F183AA5-2A5B-4692-9D7A-5603F7C833C1}.Release|x86.Build.0 = Release|Any CPU
		{84C858E8-BE40-471D-A1D4-6659AD4CF7E6}.Debug|Any CPU.ActiveCfg = Debug|Any CPU
		{84C858E8-BE40-471D-A1D4-6659AD4CF7E6}.Debug|Any CPU.Build.0 = Debug|Any CPU
		{84C858E8-BE40-471D-A1D4-6659AD4CF7E6}.Debug|x86.ActiveCfg = Debug|Any CPU
		{84C858E8-BE40-471D-A1D4-6659AD4CF7E6}.Debug|x86.Build.0 = Debug|Any CPU
		{84C858E8-BE40-471D-A1D4-6659AD4CF7E6}.Release|Any CPU.ActiveCfg = Release|Any CPU
		{84C858E8-BE40-471D-A1D4-6659AD4CF7E6}.Release|Any CPU.Build.0 = Release|Any CPU
		{84C858E8-BE40-471D-A1D4-6659AD4CF7E6}.Release|x86.ActiveCfg = Release|Any CPU
		{84C858E8-BE40-471D-A1D4-6659AD4CF7E6}.Release|x86.Build.0 = Release|Any CPU
		{DDC29237-18C5-40A7-BCCC-2A51FA8C5F9F}.Debug|Any CPU.ActiveCfg = Debug|Any CPU
		{DDC29237-18C5-40A7-BCCC-2A51FA8C5F9F}.Debug|Any CPU.Build.0 = Debug|Any CPU
		{DDC29237-18C5-40A7-BCCC-2A51FA8C5F9F}.Debug|x86.ActiveCfg = Debug|Any CPU
		{DDC29237-18C5-40A7-BCCC-2A51FA8C5F9F}.Debug|x86.Build.0 = Debug|Any CPU
		{DDC29237-18C5-40A7-BCCC-2A51FA8C5F9F}.Release|Any CPU.ActiveCfg = Release|Any CPU
		{DDC29237-18C5-40A7-BCCC-2A51FA8C5F9F}.Release|Any CPU.Build.0 = Release|Any CPU
		{DDC29237-18C5-40A7-BCCC-2A51FA8C5F9F}.Release|x86.ActiveCfg = Release|Any CPU
		{DDC29237-18C5-40A7-BCCC-2A51FA8C5F9F}.Release|x86.Build.0 = Release|Any CPU
		{7431CC05-B157-4EDD-83C5-42C2D5A79C55}.Debug|Any CPU.ActiveCfg = Debug|Any CPU
		{7431CC05-B157-4EDD-83C5-42C2D5A79C55}.Debug|Any CPU.Build.0 = Debug|Any CPU
		{7431CC05-B157-4EDD-83C5-42C2D5A79C55}.Debug|x86.ActiveCfg = Debug|Any CPU
		{7431CC05-B157-4EDD-83C5-42C2D5A79C55}.Debug|x86.Build.0 = Debug|Any CPU
		{7431CC05-B157-4EDD-83C5-42C2D5A79C55}.Release|Any CPU.ActiveCfg = Release|Any CPU
		{7431CC05-B157-4EDD-83C5-42C2D5A79C55}.Release|Any CPU.Build.0 = Release|Any CPU
		{7431CC05-B157-4EDD-83C5-42C2D5A79C55}.Release|x86.ActiveCfg = Release|Any CPU
		{7431CC05-B157-4EDD-83C5-42C2D5A79C55}.Release|x86.Build.0 = Release|Any CPU
		{746618E4-92EF-451E-ACB6-1EEF1254137A}.Debug|Any CPU.ActiveCfg = Debug|Any CPU
		{746618E4-92EF-451E-ACB6-1EEF1254137A}.Debug|Any CPU.Build.0 = Debug|Any CPU
		{746618E4-92EF-451E-ACB6-1EEF1254137A}.Debug|x86.ActiveCfg = Debug|Any CPU
		{746618E4-92EF-451E-ACB6-1EEF1254137A}.Debug|x86.Build.0 = Debug|Any CPU
		{746618E4-92EF-451E-ACB6-1EEF1254137A}.Release|Any CPU.ActiveCfg = Release|Any CPU
		{746618E4-92EF-451E-ACB6-1EEF1254137A}.Release|Any CPU.Build.0 = Release|Any CPU
		{746618E4-92EF-451E-ACB6-1EEF1254137A}.Release|x86.ActiveCfg = Release|Any CPU
		{746618E4-92EF-451E-ACB6-1EEF1254137A}.Release|x86.Build.0 = Release|Any CPU
		{01B53591-1137-4D29-BEE7-0BAF111A1BAD}.Debug|Any CPU.ActiveCfg = Debug|Any CPU
		{01B53591-1137-4D29-BEE7-0BAF111A1BAD}.Debug|Any CPU.Build.0 = Debug|Any CPU
		{01B53591-1137-4D29-BEE7-0BAF111A1BAD}.Debug|x86.ActiveCfg = Debug|Any CPU
		{01B53591-1137-4D29-BEE7-0BAF111A1BAD}.Debug|x86.Build.0 = Debug|Any CPU
		{01B53591-1137-4D29-BEE7-0BAF111A1BAD}.Release|Any CPU.ActiveCfg = Release|Any CPU
		{01B53591-1137-4D29-BEE7-0BAF111A1BAD}.Release|Any CPU.Build.0 = Release|Any CPU
		{01B53591-1137-4D29-BEE7-0BAF111A1BAD}.Release|x86.ActiveCfg = Release|Any CPU
		{01B53591-1137-4D29-BEE7-0BAF111A1BAD}.Release|x86.Build.0 = Release|Any CPU
		{3F85FAE7-E5B5-4373-931C-DAB4440BD0E7}.Debug|Any CPU.ActiveCfg = Debug|Any CPU
		{3F85FAE7-E5B5-4373-931C-DAB4440BD0E7}.Debug|Any CPU.Build.0 = Debug|Any CPU
		{3F85FAE7-E5B5-4373-931C-DAB4440BD0E7}.Debug|x86.ActiveCfg = Debug|Any CPU
		{3F85FAE7-E5B5-4373-931C-DAB4440BD0E7}.Debug|x86.Build.0 = Debug|Any CPU
		{3F85FAE7-E5B5-4373-931C-DAB4440BD0E7}.Release|Any CPU.ActiveCfg = Release|Any CPU
		{3F85FAE7-E5B5-4373-931C-DAB4440BD0E7}.Release|Any CPU.Build.0 = Release|Any CPU
		{3F85FAE7-E5B5-4373-931C-DAB4440BD0E7}.Release|x86.ActiveCfg = Release|Any CPU
		{3F85FAE7-E5B5-4373-931C-DAB4440BD0E7}.Release|x86.Build.0 = Release|Any CPU
		{A651E646-E4FB-422C-9F52-CF55B3A229FC}.Debug|Any CPU.ActiveCfg = Debug|Any CPU
		{A651E646-E4FB-422C-9F52-CF55B3A229FC}.Debug|Any CPU.Build.0 = Debug|Any CPU
		{A651E646-E4FB-422C-9F52-CF55B3A229FC}.Debug|x86.ActiveCfg = Debug|Any CPU
		{A651E646-E4FB-422C-9F52-CF55B3A229FC}.Debug|x86.Build.0 = Debug|Any CPU
		{A651E646-E4FB-422C-9F52-CF55B3A229FC}.Release|Any CPU.ActiveCfg = Release|Any CPU
		{A651E646-E4FB-422C-9F52-CF55B3A229FC}.Release|Any CPU.Build.0 = Release|Any CPU
		{A651E646-E4FB-422C-9F52-CF55B3A229FC}.Release|x86.ActiveCfg = Release|Any CPU
		{A651E646-E4FB-422C-9F52-CF55B3A229FC}.Release|x86.Build.0 = Release|Any CPU
		{44A1AC21-EAFE-4F47-BBD0-530F3E7A95FC}.Debug|Any CPU.ActiveCfg = Debug|Any CPU
		{44A1AC21-EAFE-4F47-BBD0-530F3E7A95FC}.Debug|Any CPU.Build.0 = Debug|Any CPU
		{44A1AC21-EAFE-4F47-BBD0-530F3E7A95FC}.Debug|x86.ActiveCfg = Debug|Any CPU
		{44A1AC21-EAFE-4F47-BBD0-530F3E7A95FC}.Debug|x86.Build.0 = Debug|Any CPU
		{44A1AC21-EAFE-4F47-BBD0-530F3E7A95FC}.Release|Any CPU.ActiveCfg = Release|Any CPU
		{44A1AC21-EAFE-4F47-BBD0-530F3E7A95FC}.Release|Any CPU.Build.0 = Release|Any CPU
		{44A1AC21-EAFE-4F47-BBD0-530F3E7A95FC}.Release|x86.ActiveCfg = Release|Any CPU
		{44A1AC21-EAFE-4F47-BBD0-530F3E7A95FC}.Release|x86.Build.0 = Release|Any CPU
		{163B6897-0E9A-420B-9E3B-D72310E3EB4A}.Debug|Any CPU.ActiveCfg = Debug|Any CPU
		{163B6897-0E9A-420B-9E3B-D72310E3EB4A}.Debug|Any CPU.Build.0 = Debug|Any CPU
		{163B6897-0E9A-420B-9E3B-D72310E3EB4A}.Debug|x86.ActiveCfg = Debug|Any CPU
		{163B6897-0E9A-420B-9E3B-D72310E3EB4A}.Debug|x86.Build.0 = Debug|Any CPU
		{163B6897-0E9A-420B-9E3B-D72310E3EB4A}.Release|Any CPU.ActiveCfg = Release|Any CPU
		{163B6897-0E9A-420B-9E3B-D72310E3EB4A}.Release|Any CPU.Build.0 = Release|Any CPU
		{163B6897-0E9A-420B-9E3B-D72310E3EB4A}.Release|x86.ActiveCfg = Release|Any CPU
		{163B6897-0E9A-420B-9E3B-D72310E3EB4A}.Release|x86.Build.0 = Release|Any CPU
		{29375882-F201-482A-AAB6-AC7FB95F15CF}.Debug|Any CPU.ActiveCfg = Debug|Any CPU
		{29375882-F201-482A-AAB6-AC7FB95F15CF}.Debug|Any CPU.Build.0 = Debug|Any CPU
		{29375882-F201-482A-AAB6-AC7FB95F15CF}.Debug|x86.ActiveCfg = Debug|Any CPU
		{29375882-F201-482A-AAB6-AC7FB95F15CF}.Debug|x86.Build.0 = Debug|Any CPU
		{29375882-F201-482A-AAB6-AC7FB95F15CF}.Release|Any CPU.ActiveCfg = Release|Any CPU
		{29375882-F201-482A-AAB6-AC7FB95F15CF}.Release|Any CPU.Build.0 = Release|Any CPU
		{29375882-F201-482A-AAB6-AC7FB95F15CF}.Release|x86.ActiveCfg = Release|Any CPU
		{29375882-F201-482A-AAB6-AC7FB95F15CF}.Release|x86.Build.0 = Release|Any CPU
		{3FF5F14C-AD99-4E3E-A1CE-C005CF87B94B}.Debug|Any CPU.ActiveCfg = Debug|Any CPU
		{3FF5F14C-AD99-4E3E-A1CE-C005CF87B94B}.Debug|Any CPU.Build.0 = Debug|Any CPU
		{3FF5F14C-AD99-4E3E-A1CE-C005CF87B94B}.Debug|x86.ActiveCfg = Debug|Any CPU
		{3FF5F14C-AD99-4E3E-A1CE-C005CF87B94B}.Debug|x86.Build.0 = Debug|Any CPU
		{3FF5F14C-AD99-4E3E-A1CE-C005CF87B94B}.Release|Any CPU.ActiveCfg = Release|Any CPU
		{3FF5F14C-AD99-4E3E-A1CE-C005CF87B94B}.Release|Any CPU.Build.0 = Release|Any CPU
		{3FF5F14C-AD99-4E3E-A1CE-C005CF87B94B}.Release|x86.ActiveCfg = Release|Any CPU
		{3FF5F14C-AD99-4E3E-A1CE-C005CF87B94B}.Release|x86.Build.0 = Release|Any CPU
		{20C1964E-EB46-48F5-8B37-02A20F0A8249}.Debug|Any CPU.ActiveCfg = Debug|Any CPU
		{20C1964E-EB46-48F5-8B37-02A20F0A8249}.Debug|Any CPU.Build.0 = Debug|Any CPU
		{20C1964E-EB46-48F5-8B37-02A20F0A8249}.Debug|x86.ActiveCfg = Debug|Any CPU
		{20C1964E-EB46-48F5-8B37-02A20F0A8249}.Debug|x86.Build.0 = Debug|Any CPU
		{20C1964E-EB46-48F5-8B37-02A20F0A8249}.Release|Any CPU.ActiveCfg = Release|Any CPU
		{20C1964E-EB46-48F5-8B37-02A20F0A8249}.Release|Any CPU.Build.0 = Release|Any CPU
		{20C1964E-EB46-48F5-8B37-02A20F0A8249}.Release|x86.ActiveCfg = Release|Any CPU
		{20C1964E-EB46-48F5-8B37-02A20F0A8249}.Release|x86.Build.0 = Release|Any CPU
		{3DCDB6EA-B97B-490A-A218-582799B15D29}.Debug|Any CPU.ActiveCfg = Debug|Any CPU
		{3DCDB6EA-B97B-490A-A218-582799B15D29}.Debug|Any CPU.Build.0 = Debug|Any CPU
		{3DCDB6EA-B97B-490A-A218-582799B15D29}.Debug|x86.ActiveCfg = Debug|Any CPU
		{3DCDB6EA-B97B-490A-A218-582799B15D29}.Debug|x86.Build.0 = Debug|Any CPU
		{3DCDB6EA-B97B-490A-A218-582799B15D29}.Release|Any CPU.ActiveCfg = Release|Any CPU
		{3DCDB6EA-B97B-490A-A218-582799B15D29}.Release|Any CPU.Build.0 = Release|Any CPU
		{3DCDB6EA-B97B-490A-A218-582799B15D29}.Release|x86.ActiveCfg = Release|Any CPU
		{3DCDB6EA-B97B-490A-A218-582799B15D29}.Release|x86.Build.0 = Release|Any CPU
		{79F79AA0-4F12-4893-950C-007650B1971C}.Debug|Any CPU.ActiveCfg = Debug|Any CPU
		{79F79AA0-4F12-4893-950C-007650B1971C}.Debug|Any CPU.Build.0 = Debug|Any CPU
		{79F79AA0-4F12-4893-950C-007650B1971C}.Debug|x86.ActiveCfg = Debug|Any CPU
		{79F79AA0-4F12-4893-950C-007650B1971C}.Debug|x86.Build.0 = Debug|Any CPU
		{79F79AA0-4F12-4893-950C-007650B1971C}.Release|Any CPU.ActiveCfg = Release|Any CPU
		{79F79AA0-4F12-4893-950C-007650B1971C}.Release|Any CPU.Build.0 = Release|Any CPU
		{79F79AA0-4F12-4893-950C-007650B1971C}.Release|x86.ActiveCfg = Release|Any CPU
		{79F79AA0-4F12-4893-950C-007650B1971C}.Release|x86.Build.0 = Release|Any CPU
		{55F53CA3-DD82-4E7E-BCBF-507C1CC7BC56}.Debug|Any CPU.ActiveCfg = Debug|Any CPU
		{55F53CA3-DD82-4E7E-BCBF-507C1CC7BC56}.Debug|Any CPU.Build.0 = Debug|Any CPU
		{55F53CA3-DD82-4E7E-BCBF-507C1CC7BC56}.Debug|x86.ActiveCfg = Debug|Any CPU
		{55F53CA3-DD82-4E7E-BCBF-507C1CC7BC56}.Debug|x86.Build.0 = Debug|Any CPU
		{55F53CA3-DD82-4E7E-BCBF-507C1CC7BC56}.Release|Any CPU.ActiveCfg = Release|Any CPU
		{55F53CA3-DD82-4E7E-BCBF-507C1CC7BC56}.Release|Any CPU.Build.0 = Release|Any CPU
		{55F53CA3-DD82-4E7E-BCBF-507C1CC7BC56}.Release|x86.ActiveCfg = Release|Any CPU
		{55F53CA3-DD82-4E7E-BCBF-507C1CC7BC56}.Release|x86.Build.0 = Release|Any CPU
		{BE8E75C5-4D5E-40DF-A858-F6D8C5764002}.Debug|Any CPU.ActiveCfg = Debug|Any CPU
		{BE8E75C5-4D5E-40DF-A858-F6D8C5764002}.Debug|Any CPU.Build.0 = Debug|Any CPU
		{BE8E75C5-4D5E-40DF-A858-F6D8C5764002}.Debug|x86.ActiveCfg = Debug|Any CPU
		{BE8E75C5-4D5E-40DF-A858-F6D8C5764002}.Debug|x86.Build.0 = Debug|Any CPU
		{BE8E75C5-4D5E-40DF-A858-F6D8C5764002}.Release|Any CPU.ActiveCfg = Release|Any CPU
		{BE8E75C5-4D5E-40DF-A858-F6D8C5764002}.Release|Any CPU.Build.0 = Release|Any CPU
		{BE8E75C5-4D5E-40DF-A858-F6D8C5764002}.Release|x86.ActiveCfg = Release|Any CPU
		{BE8E75C5-4D5E-40DF-A858-F6D8C5764002}.Release|x86.Build.0 = Release|Any CPU
		{3DD27DC2-5D3A-4F6D-BDD5-6FF02B1C933B}.Debug|Any CPU.ActiveCfg = Debug|Any CPU
		{3DD27DC2-5D3A-4F6D-BDD5-6FF02B1C933B}.Debug|Any CPU.Build.0 = Debug|Any CPU
		{3DD27DC2-5D3A-4F6D-BDD5-6FF02B1C933B}.Debug|x86.ActiveCfg = Debug|Any CPU
		{3DD27DC2-5D3A-4F6D-BDD5-6FF02B1C933B}.Debug|x86.Build.0 = Debug|Any CPU
		{3DD27DC2-5D3A-4F6D-BDD5-6FF02B1C933B}.Release|Any CPU.ActiveCfg = Release|Any CPU
		{3DD27DC2-5D3A-4F6D-BDD5-6FF02B1C933B}.Release|Any CPU.Build.0 = Release|Any CPU
		{3DD27DC2-5D3A-4F6D-BDD5-6FF02B1C933B}.Release|x86.ActiveCfg = Release|Any CPU
		{3DD27DC2-5D3A-4F6D-BDD5-6FF02B1C933B}.Release|x86.Build.0 = Release|Any CPU
		{D05704C3-19B4-46B8-A494-2A1CE04A57F8}.Debug|Any CPU.ActiveCfg = Debug|Any CPU
		{D05704C3-19B4-46B8-A494-2A1CE04A57F8}.Debug|Any CPU.Build.0 = Debug|Any CPU
		{D05704C3-19B4-46B8-A494-2A1CE04A57F8}.Debug|x86.ActiveCfg = Debug|Any CPU
		{D05704C3-19B4-46B8-A494-2A1CE04A57F8}.Debug|x86.Build.0 = Debug|Any CPU
		{D05704C3-19B4-46B8-A494-2A1CE04A57F8}.Release|Any CPU.ActiveCfg = Release|Any CPU
		{D05704C3-19B4-46B8-A494-2A1CE04A57F8}.Release|Any CPU.Build.0 = Release|Any CPU
		{D05704C3-19B4-46B8-A494-2A1CE04A57F8}.Release|x86.ActiveCfg = Release|Any CPU
		{D05704C3-19B4-46B8-A494-2A1CE04A57F8}.Release|x86.Build.0 = Release|Any CPU
		{EC3BD62E-0D22-4660-8C0F-896087CEE074}.Debug|Any CPU.ActiveCfg = Debug|Any CPU
		{EC3BD62E-0D22-4660-8C0F-896087CEE074}.Debug|Any CPU.Build.0 = Debug|Any CPU
		{EC3BD62E-0D22-4660-8C0F-896087CEE074}.Debug|x86.ActiveCfg = Debug|Any CPU
		{EC3BD62E-0D22-4660-8C0F-896087CEE074}.Debug|x86.Build.0 = Debug|Any CPU
		{EC3BD62E-0D22-4660-8C0F-896087CEE074}.Release|Any CPU.ActiveCfg = Release|Any CPU
		{EC3BD62E-0D22-4660-8C0F-896087CEE074}.Release|Any CPU.Build.0 = Release|Any CPU
		{EC3BD62E-0D22-4660-8C0F-896087CEE074}.Release|x86.ActiveCfg = Release|Any CPU
		{EC3BD62E-0D22-4660-8C0F-896087CEE074}.Release|x86.Build.0 = Release|Any CPU
	EndGlobalSection
	GlobalSection(SolutionProperties) = preSolution
		HideSolutionNode = FALSE
	EndGlobalSection
	GlobalSection(NestedProjects) = preSolution
		{3A9D325B-1368-4C23-BC54-009548AF82B5} = {F6B55A5E-8934-403F-9471-D3FE80B7F7F5}
		{0902233A-3857-4E5E-99F4-54F3F5E695E5} = {3A9D325B-1368-4C23-BC54-009548AF82B5}
		{56ABE9BB-1373-43D3-B1C5-1526E443AD73} = {3A9D325B-1368-4C23-BC54-009548AF82B5}
		{CB8E5E7E-5605-4FAB-BC0C-9A25D1FE5CB2} = {974423C7-5EB9-481E-ACB5-826498AEE42D}
		{3F183AA5-2A5B-4692-9D7A-5603F7C833C1} = {3A9D325B-1368-4C23-BC54-009548AF82B5}
		{84C858E8-BE40-471D-A1D4-6659AD4CF7E6} = {3A9D325B-1368-4C23-BC54-009548AF82B5}
		{746618E4-92EF-451E-ACB6-1EEF1254137A} = {F6B55A5E-8934-403F-9471-D3FE80B7F7F5}
		{01B53591-1137-4D29-BEE7-0BAF111A1BAD} = {3A9D325B-1368-4C23-BC54-009548AF82B5}
		{3F85FAE7-E5B5-4373-931C-DAB4440BD0E7} = {3A9D325B-1368-4C23-BC54-009548AF82B5}
		{44A1AC21-EAFE-4F47-BBD0-530F3E7A95FC} = {3A9D325B-1368-4C23-BC54-009548AF82B5}
		{163B6897-0E9A-420B-9E3B-D72310E3EB4A} = {3A9D325B-1368-4C23-BC54-009548AF82B5}
		{29375882-F201-482A-AAB6-AC7FB95F15CF} = {F6B55A5E-8934-403F-9471-D3FE80B7F7F5}
		{20C1964E-EB46-48F5-8B37-02A20F0A8249} = {3A9D325B-1368-4C23-BC54-009548AF82B5}
		{79F79AA0-4F12-4893-950C-007650B1971C} = {3A9D325B-1368-4C23-BC54-009548AF82B5}
		{D05704C3-19B4-46B8-A494-2A1CE04A57F8} = {3A9D325B-1368-4C23-BC54-009548AF82B5}
		{EC3BD62E-0D22-4660-8C0F-896087CEE074} = {F6B55A5E-8934-403F-9471-D3FE80B7F7F5}
	EndGlobalSection
	GlobalSection(ExtensibilityGlobals) = postSolution
		SolutionGuid = {3EA1C6B0-D8A1-4000-A5F0-FFC1B39482AC}
	EndGlobalSection
EndGlobal
