
Microsoft Visual Studio Solution File, Format Version 12.00
# Visual Studio Version 16
VisualStudioVersion = 16.0.29215.179
MinimumVisualStudioVersion = 10.0.40219.1
Project("{FAE04EC0-301F-11D3-BF4B-00C04F79EFBC}") = "Timetabler", "Timetabler\Timetabler.csproj", "{DE74D701-B7BF-4054-9DD9-D964395F6AFE}"
EndProject
Project("{FAE04EC0-301F-11D3-BF4B-00C04F79EFBC}") = "Timetabler.Data", "Timetabler.Data\Timetabler.Data.csproj", "{9A7E2940-50B8-4F3A-A535-AB6220E6CE3A}"
EndProject
Project("{FAE04EC0-301F-11D3-BF4B-00C04F79EFBC}") = "Timetabler.XmlData", "Timetabler.XmlData\Timetabler.XmlData.csproj", "{81B88CBA-1AC7-4061-AB0B-FCFA1BE22332}"
EndProject
Project("{FAE04EC0-301F-11D3-BF4B-00C04F79EFBC}") = "Timetabler.DataLoader", "Timetabler.DataLoader\Timetabler.DataLoader.csproj", "{E6FF8E04-A41D-446B-9F8A-CCFAF4B08AD2}"
EndProject
Project("{FAE04EC0-301F-11D3-BF4B-00C04F79EFBC}") = "Timetabler.PdfExport", "Timetabler.PdfExport\Timetabler.PdfExport.csproj", "{68035DDB-1C24-407C-B6B3-32CEC1D964E5}"
EndProject
Project("{2150E333-8FDC-42A3-9474-1A3956D46DE8}") = "Tests", "Tests", "{F6B55A5E-8934-403F-9471-D3FE80B7F7F5}"
EndProject
Project("{2150E333-8FDC-42A3-9474-1A3956D46DE8}") = "Unit Tests", "Unit Tests", "{3A9D325B-1368-4C23-BC54-009548AF82B5}"
EndProject
Project("{FAE04EC0-301F-11D3-BF4B-00C04F79EFBC}") = "Timetabler.XmlData.Tests.Unit", "Timetabler.XmlData.Tests.Unit\Timetabler.XmlData.Tests.Unit.csproj", "{4FE553B8-AD9D-4F4F-9251-BE1AA4847A18}"
EndProject
Project("{FAE04EC0-301F-11D3-BF4B-00C04F79EFBC}") = "Timetabler.DataLoader.Tests.Unit", "Timetabler.DataLoader.Tests.Unit\Timetabler.DataLoader.Tests.Unit.csproj", "{0902233A-3857-4E5E-99F4-54F3F5E695E5}"
EndProject
Project("{FAE04EC0-301F-11D3-BF4B-00C04F79EFBC}") = "Unicorn", "Unicorn\Unicorn.csproj", "{310C4830-B53A-457B-8262-0172F74BEF25}"
EndProject
Project("{FAE04EC0-301F-11D3-BF4B-00C04F79EFBC}") = "Timetabler.Data.Tests.Unit", "Timetabler.Data.Tests.Unit\Timetabler.Data.Tests.Unit.csproj", "{56ABE9BB-1373-43D3-B1C5-1526E443AD73}"
EndProject
Project("{2150E333-8FDC-42A3-9474-1A3956D46DE8}") = "Installer", "Installer", "{974423C7-5EB9-481E-ACB5-826498AEE42D}"
EndProject
Project("{930C7802-8A8C-48F9-8165-68863BCCD9DD}") = "Timetabler.Installer", "Timetabler.Installer\Timetabler.Installer.wixproj", "{CB8E5E7E-5605-4FAB-BC0C-9A25D1FE5CB2}"
EndProject
Project("{FAE04EC0-301F-11D3-BF4B-00C04F79EFBC}") = "Unicorn.Interfaces", "Unicorn.Interfaces\Unicorn.Interfaces.csproj", "{61E758D9-A9AE-4F1E-AD46-ABFFDFE67259}"
EndProject
Project("{FAE04EC0-301F-11D3-BF4B-00C04F79EFBC}") = "Unicorn.Impl.PdfSharp", "Unicorn.Impl.PdfSharp\Unicorn.Impl.PdfSharp.csproj", "{4D101015-CE74-4648-B07B-5AC806531E95}"
EndProject
Project("{FAE04EC0-301F-11D3-BF4B-00C04F79EFBC}") = "Unicorn.Interfaces.Tests.Unit", "Unicorn.Interfaces.Tests.Unit\Unicorn.Interfaces.Tests.Unit.csproj", "{98AD8B4A-13E3-482B-A001-65CA51F2604F}"
EndProject
Project("{FAE04EC0-301F-11D3-BF4B-00C04F79EFBC}") = "Unicorn.Tests.Unit", "Unicorn.Tests.Unit\Unicorn.Tests.Unit.csproj", "{89B38D18-5748-49CF-BAC4-CBD6B63DA948}"
EndProject
Project("{FAE04EC0-301F-11D3-BF4B-00C04F79EFBC}") = "Timetabler.PdfExport.Tests.Unit", "Timetabler.PdfExport.Tests.Unit\Timetabler.PdfExport.Tests.Unit.csproj", "{3F183AA5-2A5B-4692-9D7A-5603F7C833C1}"
EndProject
Project("{FAE04EC0-301F-11D3-BF4B-00C04F79EFBC}") = "Timetabler.Tests.Unit", "Timetabler.Tests.Unit\Timetabler.Tests.Unit.csproj", "{84C858E8-BE40-471D-A1D4-6659AD4CF7E6}"
EndProject
Project("{9A19103F-16F7-4668-BE54-9A1E7A4F7556}") = "Timetabler.CoreData", "Timetabler.CoreData\Timetabler.CoreData.csproj", "{DDC29237-18C5-40A7-BCCC-2A51FA8C5F9F}"
EndProject
Project("{FAE04EC0-301F-11D3-BF4B-00C04F79EFBC}") = "Unicorn.Writer", "Unicorn.Writer\Unicorn.Writer.csproj", "{7431CC05-B157-4EDD-83C5-42C2D5A79C55}"
EndProject
Project("{9A19103F-16F7-4668-BE54-9A1E7A4F7556}") = "Tests.Utility", "Tests.Utility\Tests.Utility.csproj", "{746618E4-92EF-451E-ACB6-1EEF1254137A}"
EndProject
Project("{FAE04EC0-301F-11D3-BF4B-00C04F79EFBC}") = "Timetabler.CoreData.Tests.Unit", "Timetabler.CoreData.Tests.Unit\Timetabler.CoreData.Tests.Unit.csproj", "{01B53591-1137-4D29-BEE7-0BAF111A1BAD}"
EndProject
Global
	GlobalSection(SolutionConfigurationPlatforms) = preSolution
		Debug|Any CPU = Debug|Any CPU
		Debug|x86 = Debug|x86
		Release|Any CPU = Release|Any CPU
		Release|x86 = Release|x86
	EndGlobalSection
	GlobalSection(ProjectConfigurationPlatforms) = postSolution
		{DE74D701-B7BF-4054-9DD9-D964395F6AFE}.Debug|Any CPU.ActiveCfg = Debug|Any CPU
		{DE74D701-B7BF-4054-9DD9-D964395F6AFE}.Debug|Any CPU.Build.0 = Debug|Any CPU
		{DE74D701-B7BF-4054-9DD9-D964395F6AFE}.Debug|x86.ActiveCfg = Debug|Any CPU
		{DE74D701-B7BF-4054-9DD9-D964395F6AFE}.Debug|x86.Build.0 = Debug|Any CPU
		{DE74D701-B7BF-4054-9DD9-D964395F6AFE}.Release|Any CPU.ActiveCfg = Release|Any CPU
		{DE74D701-B7BF-4054-9DD9-D964395F6AFE}.Release|Any CPU.Build.0 = Release|Any CPU
		{DE74D701-B7BF-4054-9DD9-D964395F6AFE}.Release|x86.ActiveCfg = Release|Any CPU
		{DE74D701-B7BF-4054-9DD9-D964395F6AFE}.Release|x86.Build.0 = Release|Any CPU
		{9A7E2940-50B8-4F3A-A535-AB6220E6CE3A}.Debug|Any CPU.ActiveCfg = Debug|Any CPU
		{9A7E2940-50B8-4F3A-A535-AB6220E6CE3A}.Debug|Any CPU.Build.0 = Debug|Any CPU
		{9A7E2940-50B8-4F3A-A535-AB6220E6CE3A}.Debug|x86.ActiveCfg = Debug|Any CPU
		{9A7E2940-50B8-4F3A-A535-AB6220E6CE3A}.Debug|x86.Build.0 = Debug|Any CPU
		{9A7E2940-50B8-4F3A-A535-AB6220E6CE3A}.Release|Any CPU.ActiveCfg = Release|Any CPU
		{9A7E2940-50B8-4F3A-A535-AB6220E6CE3A}.Release|Any CPU.Build.0 = Release|Any CPU
		{9A7E2940-50B8-4F3A-A535-AB6220E6CE3A}.Release|x86.ActiveCfg = Release|Any CPU
		{9A7E2940-50B8-4F3A-A535-AB6220E6CE3A}.Release|x86.Build.0 = Release|Any CPU
		{81B88CBA-1AC7-4061-AB0B-FCFA1BE22332}.Debug|Any CPU.ActiveCfg = Debug|Any CPU
		{81B88CBA-1AC7-4061-AB0B-FCFA1BE22332}.Debug|Any CPU.Build.0 = Debug|Any CPU
		{81B88CBA-1AC7-4061-AB0B-FCFA1BE22332}.Debug|x86.ActiveCfg = Debug|Any CPU
		{81B88CBA-1AC7-4061-AB0B-FCFA1BE22332}.Debug|x86.Build.0 = Debug|Any CPU
		{81B88CBA-1AC7-4061-AB0B-FCFA1BE22332}.Release|Any CPU.ActiveCfg = Release|Any CPU
		{81B88CBA-1AC7-4061-AB0B-FCFA1BE22332}.Release|Any CPU.Build.0 = Release|Any CPU
		{81B88CBA-1AC7-4061-AB0B-FCFA1BE22332}.Release|x86.ActiveCfg = Release|Any CPU
		{81B88CBA-1AC7-4061-AB0B-FCFA1BE22332}.Release|x86.Build.0 = Release|Any CPU
		{E6FF8E04-A41D-446B-9F8A-CCFAF4B08AD2}.Debug|Any CPU.ActiveCfg = Debug|Any CPU
		{E6FF8E04-A41D-446B-9F8A-CCFAF4B08AD2}.Debug|Any CPU.Build.0 = Debug|Any CPU
		{E6FF8E04-A41D-446B-9F8A-CCFAF4B08AD2}.Debug|x86.ActiveCfg = Debug|Any CPU
		{E6FF8E04-A41D-446B-9F8A-CCFAF4B08AD2}.Debug|x86.Build.0 = Debug|Any CPU
		{E6FF8E04-A41D-446B-9F8A-CCFAF4B08AD2}.Release|Any CPU.ActiveCfg = Release|Any CPU
		{E6FF8E04-A41D-446B-9F8A-CCFAF4B08AD2}.Release|Any CPU.Build.0 = Release|Any CPU
		{E6FF8E04-A41D-446B-9F8A-CCFAF4B08AD2}.Release|x86.ActiveCfg = Release|Any CPU
		{E6FF8E04-A41D-446B-9F8A-CCFAF4B08AD2}.Release|x86.Build.0 = Release|Any CPU
		{68035DDB-1C24-407C-B6B3-32CEC1D964E5}.Debug|Any CPU.ActiveCfg = Debug|Any CPU
		{68035DDB-1C24-407C-B6B3-32CEC1D964E5}.Debug|Any CPU.Build.0 = Debug|Any CPU
		{68035DDB-1C24-407C-B6B3-32CEC1D964E5}.Debug|x86.ActiveCfg = Debug|Any CPU
		{68035DDB-1C24-407C-B6B3-32CEC1D964E5}.Debug|x86.Build.0 = Debug|Any CPU
		{68035DDB-1C24-407C-B6B3-32CEC1D964E5}.Release|Any CPU.ActiveCfg = Release|Any CPU
		{68035DDB-1C24-407C-B6B3-32CEC1D964E5}.Release|Any CPU.Build.0 = Release|Any CPU
		{68035DDB-1C24-407C-B6B3-32CEC1D964E5}.Release|x86.ActiveCfg = Release|Any CPU
		{68035DDB-1C24-407C-B6B3-32CEC1D964E5}.Release|x86.Build.0 = Release|Any CPU
		{4FE553B8-AD9D-4F4F-9251-BE1AA4847A18}.Debug|Any CPU.ActiveCfg = Debug|Any CPU
		{4FE553B8-AD9D-4F4F-9251-BE1AA4847A18}.Debug|Any CPU.Build.0 = Debug|Any CPU
		{4FE553B8-AD9D-4F4F-9251-BE1AA4847A18}.Debug|x86.ActiveCfg = Debug|Any CPU
		{4FE553B8-AD9D-4F4F-9251-BE1AA4847A18}.Debug|x86.Build.0 = Debug|Any CPU
		{4FE553B8-AD9D-4F4F-9251-BE1AA4847A18}.Release|Any CPU.ActiveCfg = Release|Any CPU
		{4FE553B8-AD9D-4F4F-9251-BE1AA4847A18}.Release|Any CPU.Build.0 = Release|Any CPU
		{4FE553B8-AD9D-4F4F-9251-BE1AA4847A18}.Release|x86.ActiveCfg = Release|Any CPU
		{4FE553B8-AD9D-4F4F-9251-BE1AA4847A18}.Release|x86.Build.0 = Release|Any CPU
		{0902233A-3857-4E5E-99F4-54F3F5E695E5}.Debug|Any CPU.ActiveCfg = Debug|Any CPU
		{0902233A-3857-4E5E-99F4-54F3F5E695E5}.Debug|Any CPU.Build.0 = Debug|Any CPU
		{0902233A-3857-4E5E-99F4-54F3F5E695E5}.Debug|x86.ActiveCfg = Debug|Any CPU
		{0902233A-3857-4E5E-99F4-54F3F5E695E5}.Debug|x86.Build.0 = Debug|Any CPU
		{0902233A-3857-4E5E-99F4-54F3F5E695E5}.Release|Any CPU.ActiveCfg = Release|Any CPU
		{0902233A-3857-4E5E-99F4-54F3F5E695E5}.Release|Any CPU.Build.0 = Release|Any CPU
		{0902233A-3857-4E5E-99F4-54F3F5E695E5}.Release|x86.ActiveCfg = Release|Any CPU
		{0902233A-3857-4E5E-99F4-54F3F5E695E5}.Release|x86.Build.0 = Release|Any CPU
		{310C4830-B53A-457B-8262-0172F74BEF25}.Debug|Any CPU.ActiveCfg = Debug|Any CPU
		{310C4830-B53A-457B-8262-0172F74BEF25}.Debug|Any CPU.Build.0 = Debug|Any CPU
		{310C4830-B53A-457B-8262-0172F74BEF25}.Debug|x86.ActiveCfg = Debug|Any CPU
		{310C4830-B53A-457B-8262-0172F74BEF25}.Debug|x86.Build.0 = Debug|Any CPU
		{310C4830-B53A-457B-8262-0172F74BEF25}.Release|Any CPU.ActiveCfg = Release|Any CPU
		{310C4830-B53A-457B-8262-0172F74BEF25}.Release|Any CPU.Build.0 = Release|Any CPU
		{310C4830-B53A-457B-8262-0172F74BEF25}.Release|x86.ActiveCfg = Release|Any CPU
		{310C4830-B53A-457B-8262-0172F74BEF25}.Release|x86.Build.0 = Release|Any CPU
		{56ABE9BB-1373-43D3-B1C5-1526E443AD73}.Debug|Any CPU.ActiveCfg = Debug|Any CPU
		{56ABE9BB-1373-43D3-B1C5-1526E443AD73}.Debug|Any CPU.Build.0 = Debug|Any CPU
		{56ABE9BB-1373-43D3-B1C5-1526E443AD73}.Debug|x86.ActiveCfg = Debug|Any CPU
		{56ABE9BB-1373-43D3-B1C5-1526E443AD73}.Debug|x86.Build.0 = Debug|Any CPU
		{56ABE9BB-1373-43D3-B1C5-1526E443AD73}.Release|Any CPU.ActiveCfg = Release|Any CPU
		{56ABE9BB-1373-43D3-B1C5-1526E443AD73}.Release|Any CPU.Build.0 = Release|Any CPU
		{56ABE9BB-1373-43D3-B1C5-1526E443AD73}.Release|x86.ActiveCfg = Release|Any CPU
		{56ABE9BB-1373-43D3-B1C5-1526E443AD73}.Release|x86.Build.0 = Release|Any CPU
		{CB8E5E7E-5605-4FAB-BC0C-9A25D1FE5CB2}.Debug|Any CPU.ActiveCfg = Debug|x86
		{CB8E5E7E-5605-4FAB-BC0C-9A25D1FE5CB2}.Debug|Any CPU.Build.0 = Debug|x86
		{CB8E5E7E-5605-4FAB-BC0C-9A25D1FE5CB2}.Debug|x86.ActiveCfg = Debug|x86
		{CB8E5E7E-5605-4FAB-BC0C-9A25D1FE5CB2}.Debug|x86.Build.0 = Debug|x86
		{CB8E5E7E-5605-4FAB-BC0C-9A25D1FE5CB2}.Release|Any CPU.ActiveCfg = Release|x86
		{CB8E5E7E-5605-4FAB-BC0C-9A25D1FE5CB2}.Release|Any CPU.Build.0 = Release|x86
		{CB8E5E7E-5605-4FAB-BC0C-9A25D1FE5CB2}.Release|x86.ActiveCfg = Release|x86
		{CB8E5E7E-5605-4FAB-BC0C-9A25D1FE5CB2}.Release|x86.Build.0 = Release|x86
		{61E758D9-A9AE-4F1E-AD46-ABFFDFE67259}.Debug|Any CPU.ActiveCfg = Debug|Any CPU
		{61E758D9-A9AE-4F1E-AD46-ABFFDFE67259}.Debug|Any CPU.Build.0 = Debug|Any CPU
		{61E758D9-A9AE-4F1E-AD46-ABFFDFE67259}.Debug|x86.ActiveCfg = Debug|Any CPU
		{61E758D9-A9AE-4F1E-AD46-ABFFDFE67259}.Debug|x86.Build.0 = Debug|Any CPU
		{61E758D9-A9AE-4F1E-AD46-ABFFDFE67259}.Release|Any CPU.ActiveCfg = Release|Any CPU
		{61E758D9-A9AE-4F1E-AD46-ABFFDFE67259}.Release|Any CPU.Build.0 = Release|Any CPU
		{61E758D9-A9AE-4F1E-AD46-ABFFDFE67259}.Release|x86.ActiveCfg = Release|Any CPU
		{61E758D9-A9AE-4F1E-AD46-ABFFDFE67259}.Release|x86.Build.0 = Release|Any CPU
		{4D101015-CE74-4648-B07B-5AC806531E95}.Debug|Any CPU.ActiveCfg = Debug|Any CPU
		{4D101015-CE74-4648-B07B-5AC806531E95}.Debug|Any CPU.Build.0 = Debug|Any CPU
		{4D101015-CE74-4648-B07B-5AC806531E95}.Debug|x86.ActiveCfg = Debug|Any CPU
		{4D101015-CE74-4648-B07B-5AC806531E95}.Debug|x86.Build.0 = Debug|Any CPU
		{4D101015-CE74-4648-B07B-5AC806531E95}.Release|Any CPU.ActiveCfg = Release|Any CPU
		{4D101015-CE74-4648-B07B-5AC806531E95}.Release|Any CPU.Build.0 = Release|Any CPU
		{4D101015-CE74-4648-B07B-5AC806531E95}.Release|x86.ActiveCfg = Release|Any CPU
		{4D101015-CE74-4648-B07B-5AC806531E95}.Release|x86.Build.0 = Release|Any CPU
		{98AD8B4A-13E3-482B-A001-65CA51F2604F}.Debug|Any CPU.ActiveCfg = Debug|Any CPU
		{98AD8B4A-13E3-482B-A001-65CA51F2604F}.Debug|Any CPU.Build.0 = Debug|Any CPU
		{98AD8B4A-13E3-482B-A001-65CA51F2604F}.Debug|x86.ActiveCfg = Debug|Any CPU
		{98AD8B4A-13E3-482B-A001-65CA51F2604F}.Debug|x86.Build.0 = Debug|Any CPU
		{98AD8B4A-13E3-482B-A001-65CA51F2604F}.Release|Any CPU.ActiveCfg = Release|Any CPU
		{98AD8B4A-13E3-482B-A001-65CA51F2604F}.Release|Any CPU.Build.0 = Release|Any CPU
		{98AD8B4A-13E3-482B-A001-65CA51F2604F}.Release|x86.ActiveCfg = Release|Any CPU
		{98AD8B4A-13E3-482B-A001-65CA51F2604F}.Release|x86.Build.0 = Release|Any CPU
		{89B38D18-5748-49CF-BAC4-CBD6B63DA948}.Debug|Any CPU.ActiveCfg = Debug|Any CPU
		{89B38D18-5748-49CF-BAC4-CBD6B63DA948}.Debug|Any CPU.Build.0 = Debug|Any CPU
		{89B38D18-5748-49CF-BAC4-CBD6B63DA948}.Debug|x86.ActiveCfg = Debug|Any CPU
		{89B38D18-5748-49CF-BAC4-CBD6B63DA948}.Debug|x86.Build.0 = Debug|Any CPU
		{89B38D18-5748-49CF-BAC4-CBD6B63DA948}.Release|Any CPU.ActiveCfg = Release|Any CPU
		{89B38D18-5748-49CF-BAC4-CBD6B63DA948}.Release|Any CPU.Build.0 = Release|Any CPU
		{89B38D18-5748-49CF-BAC4-CBD6B63DA948}.Release|x86.ActiveCfg = Release|Any CPU
		{89B38D18-5748-49CF-BAC4-CBD6B63DA948}.Release|x86.Build.0 = Release|Any CPU
		{3F183AA5-2A5B-4692-9D7A-5603F7C833C1}.Debug|Any CPU.ActiveCfg = Debug|Any CPU
		{3F183AA5-2A5B-4692-9D7A-5603F7C833C1}.Debug|Any CPU.Build.0 = Debug|Any CPU
		{3F183AA5-2A5B-4692-9D7A-5603F7C833C1}.Debug|x86.ActiveCfg = Debug|Any CPU
		{3F183AA5-2A5B-4692-9D7A-5603F7C833C1}.Debug|x86.Build.0 = Debug|Any CPU
		{3F183AA5-2A5B-4692-9D7A-5603F7C833C1}.Release|Any CPU.ActiveCfg = Release|Any CPU
		{3F183AA5-2A5B-4692-9D7A-5603F7C833C1}.Release|Any CPU.Build.0 = Release|Any CPU
		{3F183AA5-2A5B-4692-9D7A-5603F7C833C1}.Release|x86.ActiveCfg = Release|Any CPU
		{3F183AA5-2A5B-4692-9D7A-5603F7C833C1}.Release|x86.Build.0 = Release|Any CPU
		{84C858E8-BE40-471D-A1D4-6659AD4CF7E6}.Debug|Any CPU.ActiveCfg = Debug|Any CPU
		{84C858E8-BE40-471D-A1D4-6659AD4CF7E6}.Debug|Any CPU.Build.0 = Debug|Any CPU
		{84C858E8-BE40-471D-A1D4-6659AD4CF7E6}.Debug|x86.ActiveCfg = Debug|Any CPU
		{84C858E8-BE40-471D-A1D4-6659AD4CF7E6}.Debug|x86.Build.0 = Debug|Any CPU
		{84C858E8-BE40-471D-A1D4-6659AD4CF7E6}.Release|Any CPU.ActiveCfg = Release|Any CPU
		{84C858E8-BE40-471D-A1D4-6659AD4CF7E6}.Release|Any CPU.Build.0 = Release|Any CPU
		{84C858E8-BE40-471D-A1D4-6659AD4CF7E6}.Release|x86.ActiveCfg = Release|Any CPU
		{84C858E8-BE40-471D-A1D4-6659AD4CF7E6}.Release|x86.Build.0 = Release|Any CPU
		{DDC29237-18C5-40A7-BCCC-2A51FA8C5F9F}.Debug|Any CPU.ActiveCfg = Debug|Any CPU
		{DDC29237-18C5-40A7-BCCC-2A51FA8C5F9F}.Debug|Any CPU.Build.0 = Debug|Any CPU
		{DDC29237-18C5-40A7-BCCC-2A51FA8C5F9F}.Debug|x86.ActiveCfg = Debug|Any CPU
		{DDC29237-18C5-40A7-BCCC-2A51FA8C5F9F}.Debug|x86.Build.0 = Debug|Any CPU
		{DDC29237-18C5-40A7-BCCC-2A51FA8C5F9F}.Release|Any CPU.ActiveCfg = Release|Any CPU
		{DDC29237-18C5-40A7-BCCC-2A51FA8C5F9F}.Release|Any CPU.Build.0 = Release|Any CPU
		{DDC29237-18C5-40A7-BCCC-2A51FA8C5F9F}.Release|x86.ActiveCfg = Release|Any CPU
		{DDC29237-18C5-40A7-BCCC-2A51FA8C5F9F}.Release|x86.Build.0 = Release|Any CPU
		{7431CC05-B157-4EDD-83C5-42C2D5A79C55}.Debug|Any CPU.ActiveCfg = Debug|Any CPU
		{7431CC05-B157-4EDD-83C5-42C2D5A79C55}.Debug|Any CPU.Build.0 = Debug|Any CPU
		{7431CC05-B157-4EDD-83C5-42C2D5A79C55}.Debug|x86.ActiveCfg = Debug|Any CPU
		{7431CC05-B157-4EDD-83C5-42C2D5A79C55}.Debug|x86.Build.0 = Debug|Any CPU
		{7431CC05-B157-4EDD-83C5-42C2D5A79C55}.Release|Any CPU.ActiveCfg = Release|Any CPU
		{7431CC05-B157-4EDD-83C5-42C2D5A79C55}.Release|Any CPU.Build.0 = Release|Any CPU
		{7431CC05-B157-4EDD-83C5-42C2D5A79C55}.Release|x86.ActiveCfg = Release|Any CPU
		{7431CC05-B157-4EDD-83C5-42C2D5A79C55}.Release|x86.Build.0 = Release|Any CPU
		{746618E4-92EF-451E-ACB6-1EEF1254137A}.Debug|Any CPU.ActiveCfg = Debug|Any CPU
		{746618E4-92EF-451E-ACB6-1EEF1254137A}.Debug|Any CPU.Build.0 = Debug|Any CPU
		{746618E4-92EF-451E-ACB6-1EEF1254137A}.Debug|x86.ActiveCfg = Debug|Any CPU
		{746618E4-92EF-451E-ACB6-1EEF1254137A}.Debug|x86.Build.0 = Debug|Any CPU
		{746618E4-92EF-451E-ACB6-1EEF1254137A}.Release|Any CPU.ActiveCfg = Release|Any CPU
		{746618E4-92EF-451E-ACB6-1EEF1254137A}.Release|Any CPU.Build.0 = Release|Any CPU
		{746618E4-92EF-451E-ACB6-1EEF1254137A}.Release|x86.ActiveCfg = Release|Any CPU
		{746618E4-92EF-451E-ACB6-1EEF1254137A}.Release|x86.Build.0 = Release|Any CPU
		{01B53591-1137-4D29-BEE7-0BAF111A1BAD}.Debug|Any CPU.ActiveCfg = Debug|Any CPU
		{01B53591-1137-4D29-BEE7-0BAF111A1BAD}.Debug|Any CPU.Build.0 = Debug|Any CPU
		{01B53591-1137-4D29-BEE7-0BAF111A1BAD}.Debug|x86.ActiveCfg = Debug|Any CPU
		{01B53591-1137-4D29-BEE7-0BAF111A1BAD}.Debug|x86.Build.0 = Debug|Any CPU
		{01B53591-1137-4D29-BEE7-0BAF111A1BAD}.Release|Any CPU.ActiveCfg = Release|Any CPU
		{01B53591-1137-4D29-BEE7-0BAF111A1BAD}.Release|Any CPU.Build.0 = Release|Any CPU
		{01B53591-1137-4D29-BEE7-0BAF111A1BAD}.Release|x86.ActiveCfg = Release|Any CPU
		{01B53591-1137-4D29-BEE7-0BAF111A1BAD}.Release|x86.Build.0 = Release|Any CPU
	EndGlobalSection
	GlobalSection(SolutionProperties) = preSolution
		HideSolutionNode = FALSE
	EndGlobalSection
	GlobalSection(NestedProjects) = preSolution
		{3A9D325B-1368-4C23-BC54-009548AF82B5} = {F6B55A5E-8934-403F-9471-D3FE80B7F7F5}
		{4FE553B8-AD9D-4F4F-9251-BE1AA4847A18} = {3A9D325B-1368-4C23-BC54-009548AF82B5}
		{0902233A-3857-4E5E-99F4-54F3F5E695E5} = {3A9D325B-1368-4C23-BC54-009548AF82B5}
		{56ABE9BB-1373-43D3-B1C5-1526E443AD73} = {3A9D325B-1368-4C23-BC54-009548AF82B5}
		{CB8E5E7E-5605-4FAB-BC0C-9A25D1FE5CB2} = {974423C7-5EB9-481E-ACB5-826498AEE42D}
		{98AD8B4A-13E3-482B-A001-65CA51F2604F} = {3A9D325B-1368-4C23-BC54-009548AF82B5}
		{89B38D18-5748-49CF-BAC4-CBD6B63DA948} = {3A9D325B-1368-4C23-BC54-009548AF82B5}
		{3F183AA5-2A5B-4692-9D7A-5603F7C833C1} = {3A9D325B-1368-4C23-BC54-009548AF82B5}
		{84C858E8-BE40-471D-A1D4-6659AD4CF7E6} = {3A9D325B-1368-4C23-BC54-009548AF82B5}
		{746618E4-92EF-451E-ACB6-1EEF1254137A} = {F6B55A5E-8934-403F-9471-D3FE80B7F7F5}
		{01B53591-1137-4D29-BEE7-0BAF111A1BAD} = {3A9D325B-1368-4C23-BC54-009548AF82B5}
	EndGlobalSection
	GlobalSection(ExtensibilityGlobals) = postSolution
		SolutionGuid = {3EA1C6B0-D8A1-4000-A5F0-FFC1B39482AC}
	EndGlobalSection
EndGlobal
